
Microsoft Visual Studio Solution File, Format Version 12.00
# Visual Studio 15
VisualStudioVersion = 15.0.28307.438
MinimumVisualStudioVersion = 10.0.40219.1
Project("{FAE04EC0-301F-11D3-BF4B-00C04F79EFBC}") = "MidiStyler", "MidiStyler\MidiStyler.csproj", "{3BC0AC7E-3B3B-4D3F-9CC0-B2BDECC460A6}"
EndProject
Project("{FAE04EC0-301F-11D3-BF4B-00C04F79EFBC}") = "nmj", "nmj\nmj.csproj", "{52DB1065-4E82-4C3E-9A9A-B60DD8764386}"
EndProject
Project("{FAE04EC0-301F-11D3-BF4B-00C04F79EFBC}") = "RtpMidi", "RtpMidi\RtpMidi.csproj", "{DE900A71-6C1C-466F-A436-B1151369CECB}"
EndProject
Global
	GlobalSection(SolutionConfigurationPlatforms) = preSolution
		Debug|Any CPU = Debug|Any CPU
		Release|Any CPU = Release|Any CPU
	EndGlobalSection
	GlobalSection(ProjectConfigurationPlatforms) = postSolution
		{3BC0AC7E-3B3B-4D3F-9CC0-B2BDECC460A6}.Debug|Any CPU.ActiveCfg = Debug|Any CPU
		{3BC0AC7E-3B3B-4D3F-9CC0-B2BDECC460A6}.Debug|Any CPU.Build.0 = Debug|Any CPU
		{3BC0AC7E-3B3B-4D3F-9CC0-B2BDECC460A6}.Debug|Any CPU.Deploy.0 = Debug|Any CPU
		{3BC0AC7E-3B3B-4D3F-9CC0-B2BDECC460A6}.Release|Any CPU.ActiveCfg = Release|Any CPU
		{3BC0AC7E-3B3B-4D3F-9CC0-B2BDECC460A6}.Release|Any CPU.Build.0 = Release|Any CPU
		{3BC0AC7E-3B3B-4D3F-9CC0-B2BDECC460A6}.Release|Any CPU.Deploy.0 = Release|Any CPU
		{52DB1065-4E82-4C3E-9A9A-B60DD8764386}.Debug|Any CPU.ActiveCfg = Debug|Any CPU
		{52DB1065-4E82-4C3E-9A9A-B60DD8764386}.Release|Any CPU.ActiveCfg = Release|Any CPU
		{52DB1065-4E82-4C3E-9A9A-B60DD8764386}.Release|Any CPU.Build.0 = Release|Any CPU
		{DE900A71-6C1C-466F-A436-B1151369CECB}.Debug|Any CPU.ActiveCfg = Debug|Any CPU
		{DE900A71-6C1C-466F-A436-B1151369CECB}.Debug|Any CPU.Build.0 = Debug|Any CPU
		{DE900A71-6C1C-466F-A436-B1151369CECB}.Release|Any CPU.ActiveCfg = Release|Any CPU
		{DE900A71-6C1C-466F-A436-B1151369CECB}.Release|Any CPU.Build.0 = Release|Any CPU
	EndGlobalSection
	GlobalSection(SolutionProperties) = preSolution
		HideSolutionNode = FALSE
	EndGlobalSection
	GlobalSection(ExtensibilityGlobals) = postSolution
		SolutionGuid = {6E22975B-E476-41E1-95BC-E294BDF286D9}
	EndGlobalSection
EndGlobal
